
Microsoft Visual Studio Solution File, Format Version 12.00
# Visual Studio Version 16
VisualStudioVersion = 16.0.29418.71
MinimumVisualStudioVersion = 10.0.40219.1
Project("{FAE04EC0-301F-11D3-BF4B-00C04F79EFBC}") = "TodoApi", "TodoApi\TodoApi.csproj", "{77211459-8031-4DCB-BA3F-6F43F6FDF00F}"
EndProject
Global
	GlobalSection(SolutionConfigurationPlatforms) = preSolution
		Debug|Any CPU = Debug|Any CPU
		Release|Any CPU = Release|Any CPU
	EndGlobalSection
	GlobalSection(ProjectConfigurationPlatforms) = postSolution
		{77211459-8031-4DCB-BA3F-6F43F6FDF00F}.Debug|Any CPU.ActiveCfg = Debug|Any CPU
		{77211459-8031-4DCB-BA3F-6F43F6FDF00F}.Debug|Any CPU.Build.0 = Debug|Any CPU
		{77211459-8031-4DCB-BA3F-6F43F6FDF00F}.Release|Any CPU.ActiveCfg = Release|Any CPU
		{77211459-8031-4DCB-BA3F-6F43F6FDF00F}.Release|Any CPU.Build.0 = Release|Any CPU
	EndGlobalSection
	GlobalSection(SolutionProperties) = preSolution
		HideSolutionNode = FALSE
	EndGlobalSection
	GlobalSection(ExtensibilityGlobals) = postSolution
		SolutionGuid = {1F689BFB-BDEA-4935-92A9-818F9C056067}
	EndGlobalSection
EndGlobal
